Microsoft Visual Studio Solution File, Format Version 11.00
# Visual Studio 2008

Project("{FB416D69-1AFD-38D6-F50F-BDD79981BC2F}") = "The Sea", "Assembly-CSharp-firstpass-vs.csproj", "{FC9D303B-E43F-56BF-C868-AC76F83CA029}"
EndProject
Project("{FB416D69-1AFD-38D6-F50F-BDD79981BC2F}") = "The Sea", "Assembly-CSharp-vs.csproj", "{8195AB81-CECF-8B1F-AF7D-04461F40A9AA}"
EndProject
Global
	GlobalSection(SolutionConfigurationPlatforms) = preSolution
		Debug|Any CPU = Debug|Any CPU
		Release|Any CPU = Release|Any CPU
	EndGlobalSection
	GlobalSection(ProjectConfigurationPlatforms) = postSolution
		{FC9D303B-E43F-56BF-C868-AC76F83CA029}.Debug|Any CPU.ActiveCfg = Debug|Any CPU
		{FC9D303B-E43F-56BF-C868-AC76F83CA029}.Debug|Any CPU.Build.0 = Debug|Any CPU
		{FC9D303B-E43F-56BF-C868-AC76F83CA029}.Release|Any CPU.ActiveCfg = Release|Any CPU
		{FC9D303B-E43F-56BF-C868-AC76F83CA029}.Release|Any CPU.Build.0 = Release|Any CPU
		{8195AB81-CECF-8B1F-AF7D-04461F40A9AA}.Debug|Any CPU.ActiveCfg = Debug|Any CPU
		{8195AB81-CECF-8B1F-AF7D-04461F40A9AA}.Debug|Any CPU.Build.0 = Debug|Any CPU
		{8195AB81-CECF-8B1F-AF7D-04461F40A9AA}.Release|Any CPU.ActiveCfg = Release|Any CPU
		{8195AB81-CECF-8B1F-AF7D-04461F40A9AA}.Release|Any CPU.Build.0 = Release|Any CPU
	EndGlobalSection
	GlobalSection(SolutionProperties) = preSolution
		HideSolutionNode = FALSE
	EndGlobalSection
																							GlobalSection(MonoDevelopProperties) = preSolution
		StartupItem = Assembly-CSharp.csproj
		Policies = $0
		$0.TextStylePolicy = $1
		$1.inheritsSet = null
		$1.scope = text/x-csharp
		$0.CSharpFormattingPolicy = $2
		$2.inheritsSet = Mono
		$2.inheritsScope = text/x-csharp
		$2.scope = text/x-csharp
		$0.TextStylePolicy = $3
		$3.FileWidth = 120
		$3.TabWidth = 4
		$3.EolMarker = Unix
		$3.inheritsSet = Mono
		$3.inheritsScope = text/plain
		$3.scope = text/plain
	EndGlobalSection

EndGlobal
